
Microsoft Visual Studio Solution File, Format Version 12.00
# Visual Studio 15
VisualStudioVersion = 15.0.26730.12
MinimumVisualStudioVersion = 10.0.40219.1
Project("{FAE04EC0-301F-11D3-BF4B-00C04F79EFBC}") = "WindowsFormsApp3", "WindowsFormsApp3\WindowsFormsApp3.csproj", "{59C81888-90CB-4AF8-8AE7-C8011498381F}"
EndProject
Global
	GlobalSection(SolutionConfigurationPlatforms) = preSolution
		Debug|Any CPU = Debug|Any CPU
		Release|Any CPU = Release|Any CPU
	EndGlobalSection
	GlobalSection(ProjectConfigurationPlatforms) = postSolution
		{59C81888-90CB-4AF8-8AE7-C8011498381F}.Debug|Any CPU.ActiveCfg = Debug|Any CPU
		{59C81888-90CB-4AF8-8AE7-C8011498381F}.Debug|Any CPU.Build.0 = Debug|Any CPU
		{59C81888-90CB-4AF8-8AE7-C8011498381F}.Release|Any CPU.ActiveCfg = Release|Any CPU
		{59C81888-90CB-4AF8-8AE7-C8011498381F}.Release|Any CPU.Build.0 = Release|Any CPU
	EndGlobalSection
	GlobalSection(SolutionProperties) = preSolution
		HideSolutionNode = FALSE
	EndGlobalSection
	GlobalSection(ExtensibilityGlobals) = postSolution
		SolutionGuid = {B247C96F-E8B8-4C43-8685-C39B1B5C6A70}
	EndGlobalSection
EndGlobal
